
Microsoft Visual Studio Solution File, Format Version 12.00
# Visual Studio 14
VisualStudioVersion = 14.0.25420.1
MinimumVisualStudioVersion = 10.0.40219.1
Project("{2150E333-8FDC-42A3-9474-1A3956D46DE8}") = "src", "src", "{3EC8E7DD-0F67-4AA1-B587-F5D82D8BC2F6}"
EndProject
Project("{2150E333-8FDC-42A3-9474-1A3956D46DE8}") = "Solution Items", "Solution Items", "{5AF9D6FA-1D37-4E4B-800C-6A399FA88B02}"
	ProjectSection(SolutionItems) = preProject
		global.json = global.json
	EndProjectSection
EndProject
Project("{8BB2217D-0F2D-49D1-97BC-3654ED321F3B}") = "ContactManager.Domain", "src\ContactManager.Domain\ContactManager.Domain.xproj", "{DBE37B2A-4080-472B-8089-FC381C74A374}"
EndProject
Project("{8BB2217D-0F2D-49D1-97BC-3654ED321F3B}") = "ContactManager.WEB", "src\ContactManager.WEB\ContactManager.WEB.xproj", "{34B3BA67-7DF7-41E0-B826-C640BD84E000}"
	ProjectSection(ProjectDependencies) = postProject
		{DBE37B2A-4080-472B-8089-FC381C74A374} = {DBE37B2A-4080-472B-8089-FC381C74A374}
	EndProjectSection
EndProject
Global
	GlobalSection(SolutionConfigurationPlatforms) = preSolution
		Debug|Any CPU = Debug|Any CPU
		Release|Any CPU = Release|Any CPU
	EndGlobalSection
	GlobalSection(ProjectConfigurationPlatforms) = postSolution
		{DBE37B2A-4080-472B-8089-FC381C74A374}.Debug|Any CPU.ActiveCfg = Debug|Any CPU
		{DBE37B2A-4080-472B-8089-FC381C74A374}.Debug|Any CPU.Build.0 = Debug|Any CPU
		{DBE37B2A-4080-472B-8089-FC381C74A374}.Release|Any CPU.ActiveCfg = Release|Any CPU
		{DBE37B2A-4080-472B-8089-FC381C74A374}.Release|Any CPU.Build.0 = Release|Any CPU
		{34B3BA67-7DF7-41E0-B826-C640BD84E000}.Debug|Any CPU.ActiveCfg = Debug|Any CPU
		{34B3BA67-7DF7-41E0-B826-C640BD84E000}.Debug|Any CPU.Build.0 = Debug|Any CPU
		{34B3BA67-7DF7-41E0-B826-C640BD84E000}.Release|Any CPU.ActiveCfg = Release|Any CPU
		{34B3BA67-7DF7-41E0-B826-C640BD84E000}.Release|Any CPU.Build.0 = Release|Any CPU
	EndGlobalSection
	GlobalSection(SolutionProperties) = preSolution
		HideSolutionNode = FALSE
	EndGlobalSection
	GlobalSection(NestedProjects) = preSolution
		{DBE37B2A-4080-472B-8089-FC381C74A374} = {3EC8E7DD-0F67-4AA1-B587-F5D82D8BC2F6}
		{34B3BA67-7DF7-41E0-B826-C640BD84E000} = {3EC8E7DD-0F67-4AA1-B587-F5D82D8BC2F6}
	EndGlobalSection
EndGlobal
